
Microsoft Visual Studio Solution File, Format Version 12.00
# Visual Studio Version 16
VisualStudioVersion = 16.0.34931.43
MinimumVisualStudioVersion = 10.0.40219.1
Project("{FAE04EC0-301F-11D3-BF4B-00C04F79EFBC}") = "GedizMakina", "GedizMakina\GedizMakina.csproj", "{CBBC56B3-C8FC-4473-A2B4-AFAA68B63327}"
EndProject
Global
	GlobalSection(SolutionConfigurationPlatforms) = preSolution
		Debug|Any CPU = Debug|Any CPU
		Release|Any CPU = Release|Any CPU
	EndGlobalSection
	GlobalSection(ProjectConfigurationPlatforms) = postSolution
		{CBBC56B3-C8FC-4473-A2B4-AFAA68B63327}.Debug|Any CPU.ActiveCfg = Debug|Any CPU
		{CBBC56B3-C8FC-4473-A2B4-AFAA68B63327}.Debug|Any CPU.Build.0 = Debug|Any CPU
		{CBBC56B3-C8FC-4473-A2B4-AFAA68B63327}.Release|Any CPU.ActiveCfg = Release|Any CPU
		{CBBC56B3-C8FC-4473-A2B4-AFAA68B63327}.Release|Any CPU.Build.0 = Release|Any CPU
	EndGlobalSection
	GlobalSection(SolutionProperties) = preSolution
		HideSolutionNode = FALSE
	EndGlobalSection
	GlobalSection(ExtensibilityGlobals) = postSolution
		SolutionGuid = {5778E4CA-A634-4EB5-AB25-84957007782F}
	EndGlobalSection
EndGlobal
